
Microsoft Visual Studio Solution File, Format Version 12.00
# Visual Studio Version 17
VisualStudioVersion = 17.5.002.0
MinimumVisualStudioVersion = 10.0.40219.1
Project("{9A19103F-16F7-4668-BE54-9A1E7A4F7556}") = "JwtAuthenticationBackend", "JwtAuthenticationBackend.csproj", "{82B0F8A1-C23C-40E2-9C97-BD416A26B404}"
EndProject
Global
	GlobalSection(SolutionConfigurationPlatforms) = preSolution
		Debug|Any CPU = Debug|Any CPU
		Release|Any CPU = Release|Any CPU
	EndGlobalSection
	GlobalSection(ProjectConfigurationPlatforms) = postSolution
		{82B0F8A1-C23C-40E2-9C97-BD416A26B404}.Debug|Any CPU.ActiveCfg = Debug|Any CPU
		{82B0F8A1-C23C-40E2-9C97-BD416A26B404}.Debug|Any CPU.Build.0 = Debug|Any CPU
		{82B0F8A1-C23C-40E2-9C97-BD416A26B404}.Release|Any CPU.ActiveCfg = Release|Any CPU
		{82B0F8A1-C23C-40E2-9C97-BD416A26B404}.Release|Any CPU.Build.0 = Release|Any CPU
	EndGlobalSection
	GlobalSection(SolutionProperties) = preSolution
		HideSolutionNode = FALSE
	EndGlobalSection
	GlobalSection(ExtensibilityGlobals) = postSolution
		SolutionGuid = {D709F382-D072-413D-AED1-34535C596184}
	EndGlobalSection
EndGlobal
